// !$*UTF8*$!
{
	archiveVersion = 1;
	classes = {
	};
	objectVersion = 56;
	objects = {

/* Begin PBXBuildFile section */
		D0642D1529963DC800A347E6 /* Lecture10_Multithreading_Demo_GesturesApp.swift in Sources */ = {isa = PBXBuildFile; fileRef = D0642D1429963DC800A347E6 /* Lecture10_Multithreading_Demo_GesturesApp.swift */; };
		D0642D1929963DCB00A347E6 /* Assets.xcassets in Resources */ = {isa = PBXBuildFile; fileRef = D0642D1829963DCB00A347E6 /* Assets.xcassets */; };
		D0642D1C29963DCB00A347E6 /* Preview Assets.xcassets in Resources */ = {isa = PBXBuildFile; fileRef = D0642D1B29963DCB00A347E6 /* Preview Assets.xcassets */; };
		D0642D2829963DDC00A347E6 /* EmojiArtDocument.swift in Sources */ = {isa = PBXBuildFile; fileRef = D0642D2229963DDB00A347E6 /* EmojiArtDocument.swift */; };
		D0642D2929963DDC00A347E6 /* EmojiArtDocumentView.swift in Sources */ = {isa = PBXBuildFile; fileRef = D0642D2329963DDC00A347E6 /* EmojiArtDocumentView.swift */; };
		D0642D2A29963DDC00A347E6 /* EmojiArtModel.swift in Sources */ = {isa = PBXBuildFile; fileRef = D0642D2429963DDC00A347E6 /* EmojiArtModel.swift */; };
		D0642D2B29963DDC00A347E6 /* UtilityViews.swift in Sources */ = {isa = PBXBuildFile; fileRef = D0642D2529963DDC00A347E6 /* UtilityViews.swift */; };
		D0642D2C29963DDC00A347E6 /* EmojiArtModel.Background.swift in Sources */ = {isa = PBXBuildFile; fileRef = D0642D2629963DDC00A347E6 /* EmojiArtModel.Background.swift */; };
		D0642D2D29963DDC00A347E6 /* UtilityExtensions.swift in Sources */ = {isa = PBXBuildFile; fileRef = D0642D2729963DDC00A347E6 /* UtilityExtensions.swift */; };
/* End PBXBuildFile section */

/* Begin PBXFileReference section */
		D0642D1129963DC800A347E6 /* Lecture10-Multithreading-Demo-Gestures.app */ = {isa = PBXFileReference; explicitFileType = wrapper.application; includeInIndex = 0; path = "Lecture10-Multithreading-Demo-Gestures.app"; sourceTree = BUILT_PRODUCTS_DIR; };
		D0642D1429963DC800A347E6 /* Lecture10_Multithreading_Demo_GesturesApp.swift */ = {isa = PBXFileReference; lastKnownFileType = sourcecode.swift; path = Lecture10_Multithreading_Demo_GesturesApp.swift; sourceTree = "<group>"; };
		D0642D1829963DCB00A347E6 /* Assets.xcassets */ = {isa = PBXFileReference; lastKnownFileType = folder.assetcatalog; path = Assets.xcassets; sourceTree = "<group>"; };
		D0642D1B29963DCB00A347E6 /* Preview Assets.xcassets */ = {isa = PBXFileReference; lastKnownFileType = folder.assetcatalog; path = "Preview Assets.xcassets"; sourceTree = "<group>"; };
		D0642D2229963DDB00A347E6 /* EmojiArtDocument.swift */ = {isa = PBXFileReference; fileEncoding = 4; lastKnownFileType = sourcecode.swift; path = EmojiArtDocument.swift; sourceTree = "<group>"; };
		D0642D2329963DDC00A347E6 /* EmojiArtDocumentView.swift */ = {isa = PBXFileReference; fileEncoding = 4; lastKnownFileType = sourcecode.swift; path = EmojiArtDocumentView.swift; sourceTree = "<group>"; };
		D0642D2429963DDC00A347E6 /* EmojiArtModel.swift */ = {isa = PBXFileReference; fileEncoding = 4; lastKnownFileType = sourcecode.swift; path = EmojiArtModel.swift; sourceTree = "<group>"; };
		D0642D2529963DDC00A347E6 /* UtilityViews.swift */ = {isa = PBXFileReference; fileEncoding = 4; lastKnownFileType = sourcecode.swift; path = UtilityViews.swift; sourceTree = "<group>"; };
		D0642D2629963DDC00A347E6 /* EmojiArtModel.Background.swift */ = {isa = PBXFileReference; fileEncoding = 4; lastKnownFileType = sourcecode.swift; path = EmojiArtModel.Background.swift; sourceTree = "<group>"; };
		D0642D2729963DDC00A347E6 /* UtilityExtensions.swift */ = {isa = PBXFileReference; fileEncoding = 4; lastKnownFileType = sourcecode.swift; path = UtilityExtensions.swift; sourceTree = "<group>"; };
/* End PBXFileReference section */

/* Begin PBXFrameworksBuildPhase section */
		D0642D0E29963DC800A347E6 /* Frameworks */ = {
			isa = PBXFrameworksBuildPhase;
			buildActionMask = 2147483647;
			files = (
			);
			runOnlyForDeploymentPostprocessing = 0;
		};
/* End PBXFrameworksBuildPhase section */

/* Begin PBXGroup section */
		D0642D0829963DC800A347E6 = {
			isa = PBXGroup;
			children = (
				D0642D1329963DC800A347E6 /* Lecture10-Multithreading-Demo-Gestures */,
				D0642D1229963DC800A347E6 /* Products */,
			);
			sourceTree = "<group>";
		};
		D0642D1229963DC800A347E6 /* Products */ = {
			isa = PBXGroup;
			children = (
				D0642D1129963DC800A347E6 /* Lecture10-Multithreading-Demo-Gestures.app */,
			);
			name = Products;
			sourceTree = "<group>";
		};
		D0642D1329963DC800A347E6 /* Lecture10-Multithreading-Demo-Gestures */ = {
			isa = PBXGroup;
			children = (
				D0642D1429963DC800A347E6 /* Lecture10_Multithreading_Demo_GesturesApp.swift */,
				D0642D2229963DDB00A347E6 /* EmojiArtDocument.swift */,
				D0642D2329963DDC00A347E6 /* EmojiArtDocumentView.swift */,
				D0642D2629963DDC00A347E6 /* EmojiArtModel.Background.swift */,
				D0642D2429963DDC00A347E6 /* EmojiArtModel.swift */,
				D0642D2729963DDC00A347E6 /* UtilityExtensions.swift */,
				D0642D2529963DDC00A347E6 /* UtilityViews.swift */,
				D0642D1829963DCB00A347E6 /* Assets.xcassets */,
				D0642D1A29963DCB00A347E6 /* Preview Content */,
			);
			path = "Lecture10-Multithreading-Demo-Gestures";
			sourceTree = "<group>";
		};
		D0642D1A29963DCB00A347E6 /* Preview Content */ = {
			isa = PBXGroup;
			children = (
				D0642D1B29963DCB00A347E6 /* Preview Assets.xcassets */,
			);
			path = "Preview Content";
			sourceTree = "<group>";
		};
/* End PBXGroup section */

/* Begin PBXNativeTarget section */
		D0642D1029963DC800A347E6 /* Lecture10-Multithreading-Demo-Gestures */ = {
			isa = PBXNativeTarget;
			buildConfigurationList = D0642D1F29963DCB00A347E6 /* Build configuration list for PBXNativeTarget "Lecture10-Multithreading-Demo-Gestures" */;
			buildPhases = (
				D0642D0D29963DC800A347E6 /* Sources */,
				D0642D0E29963DC800A347E6 /* Frameworks */,
				D0642D0F29963DC800A347E6 /* Resources */,
			);
			buildRules = (
			);
			dependencies = (
			);
			name = "Lecture10-Multithreading-Demo-Gestures";
			productName = "Lecture10-Multithreading-Demo-Gestures";
			productReference = D0642D1129963DC800A347E6 /* Lecture10-Multithreading-Demo-Gestures.app */;
			productType = "com.apple.product-type.application";
		};
/* End PBXNativeTarget section */

/* Begin PBXProject section */
		D0642D0929963DC800A347E6 /* Project object */ = {
			isa = PBXProject;
			attributes = {
				BuildIndependentTargetsInParallel = 1;
				LastSwiftUpdateCheck = 1420;
				LastUpgradeCheck = 1420;
				TargetAttributes = {
					D0642D1029963DC800A347E6 = {
						CreatedOnToolsVersion = 14.2;
					};
				};
			};
			buildConfigurationList = D0642D0C29963DC800A347E6 /* Build configuration list for PBXProject "Lecture10-Multithreading-Demo-Gestures" */;
			compatibilityVersion = "Xcode 14.0";
			developmentRegion = en;
			hasScannedForEncodings = 0;
			knownRegions = (
				en,
				Base,
			);
			mainGroup = D0642D0829963DC800A347E6;
			productRefGroup = D0642D1229963DC800A347E6 /* Products */;
			projectDirPath = "";
			projectRoot = "";
			targets = (
				D0642D1029963DC800A347E6 /* Lecture10-Multithreading-Demo-Gestures */,
			);
		};
/* End PBXProject section */

/* Begin PBXResourcesBuildPhase section */
		D0642D0F29963DC800A347E6 /* Resources */ = {
			isa = PBXResourcesBuildPhase;
			buildActionMask = 2147483647;
			files = (
				D0642D1C29963DCB00A347E6 /* Preview Assets.xcassets in Resources */,
				D0642D1929963DCB00A347E6 /* Assets.xcassets in Resources */,
			);
			runOnlyForDeploymentPostprocessing = 0;
		};
/* End PBXResourcesBuildPhase section */

/* Begin PBXSourcesBuildPhase section */
		D0642D0D29963DC800A347E6 /* Sources */ = {
			isa = PBXSourcesBuildPhase;
			buildActionMask = 2147483647;
			files = (
				D0642D2A29963DDC00A347E6 /* EmojiArtModel.swift in Sources */,
				D0642D2829963DDC00A347E6 /* EmojiArtDocument.swift in Sources */,
				D0642D2929963DDC00A347E6 /* EmojiArtDocumentView.swift in Sources */,
				D0642D2C29963DDC00A347E6 /* EmojiArtModel.Background.swift in Sources */,
				D0642D1529963DC800A347E6 /* Lecture10_Multithreading_Demo_GesturesApp.swift in Sources */,
				D0642D2D29963DDC00A347E6 /* UtilityExtensions.swift in Sources */,
				D0642D2B29963DDC00A347E6 /* UtilityViews.swift in Sources */,
			);
			runOnlyForDeploymentPostprocessing = 0;
		};
/* End PBXSourcesBuildPhase section */

/* Begin XCBuildConfiguration section */
		D0642D1D29963DCB00A347E6 /* Debug */ = {
			isa = XCBuildConfiguration;
			buildSettings = {
				ALWAYS_SEARCH_USER_PATHS = NO;
				CLANG_ANALYZER_NONNULL = YES;
				CLANG_ANALYZER_NUMBER_OBJECT_CONVERSION = YES_AGGRESSIVE;
				CLANG_CXX_LANGUAGE_STANDARD = "gnu++20";
				CLANG_ENABLE_MODULES = YES;
				CLANG_ENABLE_OBJC_ARC = YES;
				CLANG_ENABLE_OBJC_WEAK = YES;
				CLANG_WARN_BLOCK_CAPTURE_AUTORELEASING = YES;
				CLANG_WARN_BOOL_CONVERSION = YES;
				CLANG_WARN_COMMA = YES;
				CLANG_WARN_CONSTANT_CONVERSION = YES;
				CLANG_WARN_DEPRECATED_OBJC_IMPLEMENTATIONS = YES;
				CLANG_WARN_DIRECT_OBJC_ISA_USAGE = YES_ERROR;
				CLANG_WARN_DOCUMENTATION_COMMENTS = YES;
				CLANG_WARN_EMPTY_BODY = YES;
				CLANG_WARN_ENUM_CONVERSION = YES;
				CLANG_WARN_INFINITE_RECURSION = YES;
				CLANG_WARN_INT_CONVERSION = YES;
				CLANG_WARN_NON_LITERAL_NULL_CONVERSION = YES;
				CLANG_WARN_OBJC_IMPLICIT_RETAIN_SELF = YES;
				CLANG_WARN_OBJC_LITERAL_CONVERSION = YES;
				CLANG_WARN_OBJC_ROOT_CLASS = YES_ERROR;
				CLANG_WARN_QUOTED_INCLUDE_IN_FRAMEWORK_HEADER = YES;
				CLANG_WARN_RANGE_LOOP_ANALYSIS = YES;
				CLANG_WARN_STRICT_PROTOTYPES = YES;
				CLANG_WARN_SUSPICIOUS_MOVE = YES;
				CLANG_WARN_UNGUARDED_AVAILABILITY = YES_AGGRESSIVE;
				CLANG_WARN_UNREACHABLE_CODE = YES;
				CLANG_WARN__DUPLICATE_METHOD_MATCH = YES;
				COPY_PHASE_STRIP = NO;
				DEBUG_INFORMATION_FORMAT = dwarf;
				ENABLE_STRICT_OBJC_MSGSEND = YES;
				ENABLE_TESTABILITY = YES;
				GCC_C_LANGUAGE_STANDARD = gnu11;
				GCC_DYNAMIC_NO_PIC = NO;
				GCC_NO_COMMON_BLOCKS = YES;
				GCC_OPTIMIZATION_LEVEL = 0;
				GCC_PREPROCESSOR_DEFINITIONS = (
					"DEBUG=1",
					"$(inherited)",
				);
				GCC_WARN_64_TO_32_BIT_CONVERSION = YES;
				GCC_WARN_ABOUT_RETURN_TYPE = YES_ERROR;
				GCC_WARN_UNDECLARED_SELECTOR = YES;
				GCC_WARN_UNINITIALIZED_AUTOS = YES_AGGRESSIVE;
				GCC_WARN_UNUSED_FUNCTION = YES;
				GCC_WARN_UNUSED_VARIABLE = YES;
				IPHONEOS_DEPLOYMENT_TARGET = 16.2;
				MTL_ENABLE_DEBUG_INFO = INCLUDE_SOURCE;
				MTL_FAST_MATH = YES;
				ONLY_ACTIVE_ARCH = YES;
				SDKROOT = iphoneos;
				SWIFT_ACTIVE_COMPILATION_CONDITIONS = DEBUG;
				SWIFT_OPTIMIZATION_LEVEL = "-Onone";
			};
			name = Debug;
		};
		D0642D1E29963DCB00A347E6 /* Release */ = {
			isa = XCBuildConfiguration;
			buildSettings = {
				ALWAYS_SEARCH_USER_PATHS = NO;
				CLANG_ANALYZER_NONNULL = YES;
				CLANG_ANALYZER_NUMBER_OBJECT_CONVERSION = YES_AGGRESSIVE;
				CLANG_CXX_LANGUAGE_STANDARD = "gnu++20";
				CLANG_ENABLE_MODULES = YES;
				CLANG_ENABLE_OBJC_ARC = YES;
				CLANG_ENABLE_OBJC_WEAK = YES;
				CLANG_WARN_BLOCK_CAPTURE_AUTORELEASING = YES;
				CLANG_WARN_BOOL_CONVERSION = YES;
				CLANG_WARN_COMMA = YES;
				CLANG_WARN_CONSTANT_CONVERSION = YES;
				CLANG_WARN_DEPRECATED_OBJC_IMPLEMENTATIONS = YES;
				CLANG_WARN_DIRECT_OBJC_ISA_USAGE = YES_ERROR;
				CLANG_WARN_DOCUMENTATION_COMMENTS = YES;
				CLANG_WARN_EMPTY_BODY = YES;
				CLANG_WARN_ENUM_CONVERSION = YES;
				CLANG_WARN_INFINITE_RECURSION = YES;
				CLANG_WARN_INT_CONVERSION = YES;
				CLANG_WARN_NON_LITERAL_NULL_CONVERSION = YES;
				CLANG_WARN_OBJC_IMPLICIT_RETAIN_SELF = YES;
				CLANG_WARN_OBJC_LITERAL_CONVERSION = YES;
				CLANG_WARN_OBJC_ROOT_CLASS = YES_ERROR;
				CLANG_WARN_QUOTED_INCLUDE_IN_FRAMEWORK_HEADER = YES;
				CLANG_WARN_RANGE_LOOP_ANALYSIS = YES;
				CLANG_WARN_STRICT_PROTOTYPES = YES;
				CLANG_WARN_SUSPICIOUS_MOVE = YES;
				CLANG_WARN_UNGUARDED_AVAILABILITY = YES_AGGRESSIVE;
				CLANG_WARN_UNREACHABLE_CODE = YES;
				CLANG_WARN__DUPLICATE_METHOD_MATCH = YES;
				COPY_PHASE_STRIP = NO;
				DEBUG_INFORMATION_FORMAT = "dwarf-with-dsym";
				ENABLE_NS_ASSERTIONS = NO;
				ENABLE_STRICT_OBJC_MSGSEND = YES;
				GCC_C_LANGUAGE_STANDARD = gnu11;
				GCC_NO_COMMON_BLOCKS = YES;
				GCC_WARN_64_TO_32_BIT_CONVERSION = YES;
				GCC_WARN_ABOUT_RETURN_TYPE = YES_ERROR;
				GCC_WARN_UNDECLARED_SELECTOR = YES;
				GCC_WARN_UNINITIALIZED_AUTOS = YES_AGGRESSIVE;
				GCC_WARN_UNUSED_FUNCTION = YES;
				GCC_WARN_UNUSED_VARIABLE = YES;
				IPHONEOS_DEPLOYMENT_TARGET = 16.2;
				MTL_ENABLE_DEBUG_INFO = NO;
				MTL_FAST_MATH = YES;
				SDKROOT = iphoneos;
				SWIFT_COMPILATION_MODE = wholemodule;
				SWIFT_OPTIMIZATION_LEVEL = "-O";
				VALIDATE_PRODUCT = YES;
			};
			name = Release;
		};
		D0642D2029963DCB00A347E6 /* Debug */ = {
			isa = XCBuildConfiguration;
			buildSettings = {
				ASSETCATALOG_COMPILER_APPICON_NAME = AppIcon;
				ASSETCATALOG_COMPILER_GLOBAL_ACCENT_COLOR_NAME = AccentColor;
				CODE_SIGN_STYLE = Automatic;
				CURRENT_PROJECT_VERSION = 1;
				DEVELOPMENT_ASSET_PATHS = "\"Lecture10-Multithreading-Demo-Gestures/Preview Content\"";
				DEVELOPMENT_TEAM = VD38UV2MEF;
				ENABLE_PREVIEWS = YES;
				GENERATE_INFOPLIST_FILE = YES;
				INFOPLIST_KEY_UIApplicationSceneManifest_Generation = YES;
				INFOPLIST_KEY_UIApplicationSupportsIndirectInputEvents = YES;
				INFOPLIST_KEY_UILaunchScreen_Generation = YES;
				INFOPLIST_KEY_UISupportedInterfaceOrientations_iPad = "UIInterfaceOrientationPortrait UIInterfaceOrientationPortraitUpsideDown UIInterfaceOrientationLandscapeLeft UIInterfaceOrientationLandscapeRight";
				INFOPLIST_KEY_UISupportedInterfaceOrientations_iPhone = "UIInterfaceOrientationPortrait UIInterfaceOrientationLandscapeLeft UIInterfaceOrientationLandscapeRight";
				LD_RUNPATH_SEARCH_PATHS = (
					"$(inherited)",
					"@executable_path/Frameworks",
				);
				MARKETING_VERSION = 1.0;
				PRODUCT_BUNDLE_IDENTIFIER = "com.mertarican.Lecture10-Multithreading-Demo-Gestures";
				PRODUCT_NAME = "$(TARGET_NAME)";
				SWIFT_EMIT_LOC_STRINGS = YES;
				SWIFT_VERSION = 5.0;
				TARGETED_DEVICE_FAMILY = "1,2";
			};
			name = Debug;
		};
		D0642D2129963DCB00A347E6 /* Release */ = {
			isa = XCBuildConfiguration;
			buildSettings = {
				ASSETCATALOG_COMPILER_APPICON_NAME = AppIcon;
				ASSETCATALOG_COMPILER_GLOBAL_ACCENT_COLOR_NAME = AccentColor;
				CODE_SIGN_STYLE = Automatic;
				CURRENT_PROJECT_VERSION = 1;
				DEVELOPMENT_ASSET_PATHS = "\"Lecture10-Multithreading-Demo-Gestures/Preview Content\"";
				DEVELOPMENT_TEAM = VD38UV2MEF;
				ENABLE_PREVIEWS = YES;
				GENERATE_INFOPLIST_FILE = YES;
				INFOPLIST_KEY_UIApplicationSceneManifest_Generation = YES;
				INFOPLIST_KEY_UIApplicationSupportsIndirectInputEvents = YES;
				INFOPLIST_KEY_UILaunchScreen_Generation = YES;
				INFOPLIST_KEY_UISupportedInterfaceOrientations_iPad = "UIInterfaceOrientationPortrait UIInterfaceOrientationPortraitUpsideDown UIInterfaceOrientationLandscapeLeft UIInterfaceOrientationLandscapeRight";
				INFOPLIST_KEY_UISupportedInterfaceOrientations_iPhone = "UIInterfaceOrientationPortrait UIInterfaceOrientationLandscapeLeft UIInterfaceOrientationLandscapeRight";
				LD_RUNPATH_SEARCH_PATHS = (
					"$(inherited)",
					"@executable_path/Frameworks",
				);
				MARKETING_VERSION = 1.0;
				PRODUCT_BUNDLE_IDENTIFIER = "com.mertarican.Lecture10-Multithreading-Demo-Gestures";
				PRODUCT_NAME = "$(TARGET_NAME)";
				SWIFT_EMIT_LOC_STRINGS = YES;
				SWIFT_VERSION = 5.0;
				TARGETED_DEVICE_FAMILY = "1,2";
			};
			name = Release;
		};
/* End XCBuildConfiguration section */

/* Begin XCConfigurationList section */
		D0642D0C29963DC800A347E6 /* Build configuration list for PBXProject "Lecture10-Multithreading-Demo-Gestures" */ = {
			isa = XCConfigurationList;
			buildConfigurations = (
				D0642D1D29963DCB00A347E6 /* Debug */,
				D0642D1E29963DCB00A347E6 /* Release */,
			);
			defaultConfigurationIsVisible = 0;
			defaultConfigurationName = Release;
		};
		D0642D1F29963DCB00A347E6 /* Build configuration list for PBXNativeTarget "Lecture10-Multithreading-Demo-Gestures" */ = {
			isa = XCConfigurationList;
			buildConfigurations = (
				D0642D2029963DCB00A347E6 /* Debug */,
				D0642D2129963DCB00A347E6 /* Release */,
			);
			defaultConfigurationIsVisible = 0;
			defaultConfigurationName = Release;
		};
/* End XCConfigurationList section */
	};
	rootObject = D0642D0929963DC800A347E6 /* Project object */;
}
