// !$*UTF8*$!
{
	archiveVersion = 1;
	classes = {
	};
	objectVersion = 56;
	objects = {

/* Begin PBXBuildFile section */
		D0BD52D52997B1A300153EE1 /* Lecture12_Bindings_Sheet_Navigation_EditModeApp.swift in Sources */ = {isa = PBXBuildFile; fileRef = D0BD52D42997B1A300153EE1 /* Lecture12_Bindings_Sheet_Navigation_EditModeApp.swift */; };
		D0BD52D92997B1A500153EE1 /* Assets.xcassets in Resources */ = {isa = PBXBuildFile; fileRef = D0BD52D82997B1A500153EE1 /* Assets.xcassets */; };
		D0BD52DC2997B1A500153EE1 /* Preview Assets.xcassets in Resources */ = {isa = PBXBuildFile; fileRef = D0BD52DB2997B1A500153EE1 /* Preview Assets.xcassets */; };
		D0BD52E92997B1B400153EE1 /* UtilityViews.swift in Sources */ = {isa = PBXBuildFile; fileRef = D0BD52E22997B1B400153EE1 /* UtilityViews.swift */; };
		D0BD52EA2997B1B400153EE1 /* EmojiArtDocumentView.swift in Sources */ = {isa = PBXBuildFile; fileRef = D0BD52E32997B1B400153EE1 /* EmojiArtDocumentView.swift */; };
		D0BD52EB2997B1B400153EE1 /* UtilityExtensions.swift in Sources */ = {isa = PBXBuildFile; fileRef = D0BD52E42997B1B400153EE1 /* UtilityExtensions.swift */; };
		D0BD52EC2997B1B400153EE1 /* EmojiArtModel.Background.swift in Sources */ = {isa = PBXBuildFile; fileRef = D0BD52E52997B1B400153EE1 /* EmojiArtModel.Background.swift */; };
		D0BD52ED2997B1B400153EE1 /* EmojiArtModel.swift in Sources */ = {isa = PBXBuildFile; fileRef = D0BD52E62997B1B400153EE1 /* EmojiArtModel.swift */; };
		D0BD52EE2997B1B400153EE1 /* EmojiArtDocument.swift in Sources */ = {isa = PBXBuildFile; fileRef = D0BD52E72997B1B400153EE1 /* EmojiArtDocument.swift */; };
		D0BD52EF2997B1B400153EE1 /* PaletteStore.swift in Sources */ = {isa = PBXBuildFile; fileRef = D0BD52E82997B1B400153EE1 /* PaletteStore.swift */; };
		D0BD52F12997B24700153EE1 /* PaletteChooser.swift in Sources */ = {isa = PBXBuildFile; fileRef = D0BD52F02997B24700153EE1 /* PaletteChooser.swift */; };
		D0BD52F32997BBAA00153EE1 /* PaletteEditor.swift in Sources */ = {isa = PBXBuildFile; fileRef = D0BD52F22997BBAA00153EE1 /* PaletteEditor.swift */; };
		D0BD52F52997D9CB00153EE1 /* PaletteManager.swift in Sources */ = {isa = PBXBuildFile; fileRef = D0BD52F42997D9CB00153EE1 /* PaletteManager.swift */; };
/* End PBXBuildFile section */

/* Begin PBXFileReference section */
		D0BD52D12997B1A300153EE1 /* Lecture12-Bindings-Sheet-Navigation-EditMode.app */ = {isa = PBXFileReference; explicitFileType = wrapper.application; includeInIndex = 0; path = "Lecture12-Bindings-Sheet-Navigation-EditMode.app"; sourceTree = BUILT_PRODUCTS_DIR; };
		D0BD52D42997B1A300153EE1 /* Lecture12_Bindings_Sheet_Navigation_EditModeApp.swift */ = {isa = PBXFileReference; lastKnownFileType = sourcecode.swift; path = Lecture12_Bindings_Sheet_Navigation_EditModeApp.swift; sourceTree = "<group>"; };
		D0BD52D82997B1A500153EE1 /* Assets.xcassets */ = {isa = PBXFileReference; lastKnownFileType = folder.assetcatalog; path = Assets.xcassets; sourceTree = "<group>"; };
		D0BD52DB2997B1A500153EE1 /* Preview Assets.xcassets */ = {isa = PBXFileReference; lastKnownFileType = folder.assetcatalog; path = "Preview Assets.xcassets"; sourceTree = "<group>"; };
		D0BD52E22997B1B400153EE1 /* UtilityViews.swift */ = {isa = PBXFileReference; fileEncoding = 4; lastKnownFileType = sourcecode.swift; path = UtilityViews.swift; sourceTree = "<group>"; };
		D0BD52E32997B1B400153EE1 /* EmojiArtDocumentView.swift */ = {isa = PBXFileReference; fileEncoding = 4; lastKnownFileType = sourcecode.swift; path = EmojiArtDocumentView.swift; sourceTree = "<group>"; };
		D0BD52E42997B1B400153EE1 /* UtilityExtensions.swift */ = {isa = PBXFileReference; fileEncoding = 4; lastKnownFileType = sourcecode.swift; path = UtilityExtensions.swift; sourceTree = "<group>"; };
		D0BD52E52997B1B400153EE1 /* EmojiArtModel.Background.swift */ = {isa = PBXFileReference; fileEncoding = 4; lastKnownFileType = sourcecode.swift; path = EmojiArtModel.Background.swift; sourceTree = "<group>"; };
		D0BD52E62997B1B400153EE1 /* EmojiArtModel.swift */ = {isa = PBXFileReference; fileEncoding = 4; lastKnownFileType = sourcecode.swift; path = EmojiArtModel.swift; sourceTree = "<group>"; };
		D0BD52E72997B1B400153EE1 /* EmojiArtDocument.swift */ = {isa = PBXFileReference; fileEncoding = 4; lastKnownFileType = sourcecode.swift; path = EmojiArtDocument.swift; sourceTree = "<group>"; };
		D0BD52E82997B1B400153EE1 /* PaletteStore.swift */ = {isa = PBXFileReference; fileEncoding = 4; lastKnownFileType = sourcecode.swift; path = PaletteStore.swift; sourceTree = "<group>"; };
		D0BD52F02997B24700153EE1 /* PaletteChooser.swift */ = {isa = PBXFileReference; lastKnownFileType = sourcecode.swift; path = PaletteChooser.swift; sourceTree = "<group>"; };
		D0BD52F22997BBAA00153EE1 /* PaletteEditor.swift */ = {isa = PBXFileReference; lastKnownFileType = sourcecode.swift; path = PaletteEditor.swift; sourceTree = "<group>"; };
		D0BD52F42997D9CB00153EE1 /* PaletteManager.swift */ = {isa = PBXFileReference; lastKnownFileType = sourcecode.swift; path = PaletteManager.swift; sourceTree = "<group>"; };
/* End PBXFileReference section */

/* Begin PBXFrameworksBuildPhase section */
		D0BD52CE2997B1A300153EE1 /* Frameworks */ = {
			isa = PBXFrameworksBuildPhase;
			buildActionMask = 2147483647;
			files = (
			);
			runOnlyForDeploymentPostprocessing = 0;
		};
/* End PBXFrameworksBuildPhase section */

/* Begin PBXGroup section */
		D0BD52C82997B1A300153EE1 = {
			isa = PBXGroup;
			children = (
				D0BD52D32997B1A300153EE1 /* Lecture12-Bindings-Sheet-Navigation-EditMode */,
				D0BD52D22997B1A300153EE1 /* Products */,
			);
			sourceTree = "<group>";
		};
		D0BD52D22997B1A300153EE1 /* Products */ = {
			isa = PBXGroup;
			children = (
				D0BD52D12997B1A300153EE1 /* Lecture12-Bindings-Sheet-Navigation-EditMode.app */,
			);
			name = Products;
			sourceTree = "<group>";
		};
		D0BD52D32997B1A300153EE1 /* Lecture12-Bindings-Sheet-Navigation-EditMode */ = {
			isa = PBXGroup;
			children = (
				D0BD52D42997B1A300153EE1 /* Lecture12_Bindings_Sheet_Navigation_EditModeApp.swift */,
				D0BD52E72997B1B400153EE1 /* EmojiArtDocument.swift */,
				D0BD52E32997B1B400153EE1 /* EmojiArtDocumentView.swift */,
				D0BD52F02997B24700153EE1 /* PaletteChooser.swift */,
				D0BD52F22997BBAA00153EE1 /* PaletteEditor.swift */,
				D0BD52F42997D9CB00153EE1 /* PaletteManager.swift */,
				D0BD52E52997B1B400153EE1 /* EmojiArtModel.Background.swift */,
				D0BD52E62997B1B400153EE1 /* EmojiArtModel.swift */,
				D0BD52E82997B1B400153EE1 /* PaletteStore.swift */,
				D0BD52E42997B1B400153EE1 /* UtilityExtensions.swift */,
				D0BD52E22997B1B400153EE1 /* UtilityViews.swift */,
				D0BD52D82997B1A500153EE1 /* Assets.xcassets */,
				D0BD52DA2997B1A500153EE1 /* Preview Content */,
			);
			path = "Lecture12-Bindings-Sheet-Navigation-EditMode";
			sourceTree = "<group>";
		};
		D0BD52DA2997B1A500153EE1 /* Preview Content */ = {
			isa = PBXGroup;
			children = (
				D0BD52DB2997B1A500153EE1 /* Preview Assets.xcassets */,
			);
			path = "Preview Content";
			sourceTree = "<group>";
		};
/* End PBXGroup section */

/* Begin PBXNativeTarget section */
		D0BD52D02997B1A300153EE1 /* Lecture12-Bindings-Sheet-Navigation-EditMode */ = {
			isa = PBXNativeTarget;
			buildConfigurationList = D0BD52DF2997B1A500153EE1 /* Build configuration list for PBXNativeTarget "Lecture12-Bindings-Sheet-Navigation-EditMode" */;
			buildPhases = (
				D0BD52CD2997B1A300153EE1 /* Sources */,
				D0BD52CE2997B1A300153EE1 /* Frameworks */,
				D0BD52CF2997B1A300153EE1 /* Resources */,
			);
			buildRules = (
			);
			dependencies = (
			);
			name = "Lecture12-Bindings-Sheet-Navigation-EditMode";
			productName = "Lecture12-Bindings-Sheet-Navigation-EditMode";
			productReference = D0BD52D12997B1A300153EE1 /* Lecture12-Bindings-Sheet-Navigation-EditMode.app */;
			productType = "com.apple.product-type.application";
		};
/* End PBXNativeTarget section */

/* Begin PBXProject section */
		D0BD52C92997B1A300153EE1 /* Project object */ = {
			isa = PBXProject;
			attributes = {
				BuildIndependentTargetsInParallel = 1;
				LastSwiftUpdateCheck = 1420;
				LastUpgradeCheck = 1420;
				TargetAttributes = {
					D0BD52D02997B1A300153EE1 = {
						CreatedOnToolsVersion = 14.2;
					};
				};
			};
			buildConfigurationList = D0BD52CC2997B1A300153EE1 /* Build configuration list for PBXProject "Lecture12-Bindings-Sheet-Navigation-EditMode" */;
			compatibilityVersion = "Xcode 14.0";
			developmentRegion = en;
			hasScannedForEncodings = 0;
			knownRegions = (
				en,
				Base,
			);
			mainGroup = D0BD52C82997B1A300153EE1;
			productRefGroup = D0BD52D22997B1A300153EE1 /* Products */;
			projectDirPath = "";
			projectRoot = "";
			targets = (
				D0BD52D02997B1A300153EE1 /* Lecture12-Bindings-Sheet-Navigation-EditMode */,
			);
		};
/* End PBXProject section */

/* Begin PBXResourcesBuildPhase section */
		D0BD52CF2997B1A300153EE1 /* Resources */ = {
			isa = PBXResourcesBuildPhase;
			buildActionMask = 2147483647;
			files = (
				D0BD52DC2997B1A500153EE1 /* Preview Assets.xcassets in Resources */,
				D0BD52D92997B1A500153EE1 /* Assets.xcassets in Resources */,
			);
			runOnlyForDeploymentPostprocessing = 0;
		};
/* End PBXResourcesBuildPhase section */

/* Begin PBXSourcesBuildPhase section */
		D0BD52CD2997B1A300153EE1 /* Sources */ = {
			isa = PBXSourcesBuildPhase;
			buildActionMask = 2147483647;
			files = (
				D0BD52EC2997B1B400153EE1 /* EmojiArtModel.Background.swift in Sources */,
				D0BD52F52997D9CB00153EE1 /* PaletteManager.swift in Sources */,
				D0BD52D52997B1A300153EE1 /* Lecture12_Bindings_Sheet_Navigation_EditModeApp.swift in Sources */,
				D0BD52F32997BBAA00153EE1 /* PaletteEditor.swift in Sources */,
				D0BD52EE2997B1B400153EE1 /* EmojiArtDocument.swift in Sources */,
				D0BD52EF2997B1B400153EE1 /* PaletteStore.swift in Sources */,
				D0BD52ED2997B1B400153EE1 /* EmojiArtModel.swift in Sources */,
				D0BD52EA2997B1B400153EE1 /* EmojiArtDocumentView.swift in Sources */,
				D0BD52EB2997B1B400153EE1 /* UtilityExtensions.swift in Sources */,
				D0BD52E92997B1B400153EE1 /* UtilityViews.swift in Sources */,
				D0BD52F12997B24700153EE1 /* PaletteChooser.swift in Sources */,
			);
			runOnlyForDeploymentPostprocessing = 0;
		};
/* End PBXSourcesBuildPhase section */

/* Begin XCBuildConfiguration section */
		D0BD52DD2997B1A500153EE1 /* Debug */ = {
			isa = XCBuildConfiguration;
			buildSettings = {
				ALWAYS_SEARCH_USER_PATHS = NO;
				CLANG_ANALYZER_NONNULL = YES;
				CLANG_ANALYZER_NUMBER_OBJECT_CONVERSION = YES_AGGRESSIVE;
				CLANG_CXX_LANGUAGE_STANDARD = "gnu++20";
				CLANG_ENABLE_MODULES = YES;
				CLANG_ENABLE_OBJC_ARC = YES;
				CLANG_ENABLE_OBJC_WEAK = YES;
				CLANG_WARN_BLOCK_CAPTURE_AUTORELEASING = YES;
				CLANG_WARN_BOOL_CONVERSION = YES;
				CLANG_WARN_COMMA = YES;
				CLANG_WARN_CONSTANT_CONVERSION = YES;
				CLANG_WARN_DEPRECATED_OBJC_IMPLEMENTATIONS = YES;
				CLANG_WARN_DIRECT_OBJC_ISA_USAGE = YES_ERROR;
				CLANG_WARN_DOCUMENTATION_COMMENTS = YES;
				CLANG_WARN_EMPTY_BODY = YES;
				CLANG_WARN_ENUM_CONVERSION = YES;
				CLANG_WARN_INFINITE_RECURSION = YES;
				CLANG_WARN_INT_CONVERSION = YES;
				CLANG_WARN_NON_LITERAL_NULL_CONVERSION = YES;
				CLANG_WARN_OBJC_IMPLICIT_RETAIN_SELF = YES;
				CLANG_WARN_OBJC_LITERAL_CONVERSION = YES;
				CLANG_WARN_OBJC_ROOT_CLASS = YES_ERROR;
				CLANG_WARN_QUOTED_INCLUDE_IN_FRAMEWORK_HEADER = YES;
				CLANG_WARN_RANGE_LOOP_ANALYSIS = YES;
				CLANG_WARN_STRICT_PROTOTYPES = YES;
				CLANG_WARN_SUSPICIOUS_MOVE = YES;
				CLANG_WARN_UNGUARDED_AVAILABILITY = YES_AGGRESSIVE;
				CLANG_WARN_UNREACHABLE_CODE = YES;
				CLANG_WARN__DUPLICATE_METHOD_MATCH = YES;
				COPY_PHASE_STRIP = NO;
				DEBUG_INFORMATION_FORMAT = dwarf;
				ENABLE_STRICT_OBJC_MSGSEND = YES;
				ENABLE_TESTABILITY = YES;
				GCC_C_LANGUAGE_STANDARD = gnu11;
				GCC_DYNAMIC_NO_PIC = NO;
				GCC_NO_COMMON_BLOCKS = YES;
				GCC_OPTIMIZATION_LEVEL = 0;
				GCC_PREPROCESSOR_DEFINITIONS = (
					"DEBUG=1",
					"$(inherited)",
				);
				GCC_WARN_64_TO_32_BIT_CONVERSION = YES;
				GCC_WARN_ABOUT_RETURN_TYPE = YES_ERROR;
				GCC_WARN_UNDECLARED_SELECTOR = YES;
				GCC_WARN_UNINITIALIZED_AUTOS = YES_AGGRESSIVE;
				GCC_WARN_UNUSED_FUNCTION = YES;
				GCC_WARN_UNUSED_VARIABLE = YES;
				IPHONEOS_DEPLOYMENT_TARGET = 16.2;
				MTL_ENABLE_DEBUG_INFO = INCLUDE_SOURCE;
				MTL_FAST_MATH = YES;
				ONLY_ACTIVE_ARCH = YES;
				SDKROOT = iphoneos;
				SWIFT_ACTIVE_COMPILATION_CONDITIONS = DEBUG;
				SWIFT_OPTIMIZATION_LEVEL = "-Onone";
			};
			name = Debug;
		};
		D0BD52DE2997B1A500153EE1 /* Release */ = {
			isa = XCBuildConfiguration;
			buildSettings = {
				ALWAYS_SEARCH_USER_PATHS = NO;
				CLANG_ANALYZER_NONNULL = YES;
				CLANG_ANALYZER_NUMBER_OBJECT_CONVERSION = YES_AGGRESSIVE;
				CLANG_CXX_LANGUAGE_STANDARD = "gnu++20";
				CLANG_ENABLE_MODULES = YES;
				CLANG_ENABLE_OBJC_ARC = YES;
				CLANG_ENABLE_OBJC_WEAK = YES;
				CLANG_WARN_BLOCK_CAPTURE_AUTORELEASING = YES;
				CLANG_WARN_BOOL_CONVERSION = YES;
				CLANG_WARN_COMMA = YES;
				CLANG_WARN_CONSTANT_CONVERSION = YES;
				CLANG_WARN_DEPRECATED_OBJC_IMPLEMENTATIONS = YES;
				CLANG_WARN_DIRECT_OBJC_ISA_USAGE = YES_ERROR;
				CLANG_WARN_DOCUMENTATION_COMMENTS = YES;
				CLANG_WARN_EMPTY_BODY = YES;
				CLANG_WARN_ENUM_CONVERSION = YES;
				CLANG_WARN_INFINITE_RECURSION = YES;
				CLANG_WARN_INT_CONVERSION = YES;
				CLANG_WARN_NON_LITERAL_NULL_CONVERSION = YES;
				CLANG_WARN_OBJC_IMPLICIT_RETAIN_SELF = YES;
				CLANG_WARN_OBJC_LITERAL_CONVERSION = YES;
				CLANG_WARN_OBJC_ROOT_CLASS = YES_ERROR;
				CLANG_WARN_QUOTED_INCLUDE_IN_FRAMEWORK_HEADER = YES;
				CLANG_WARN_RANGE_LOOP_ANALYSIS = YES;
				CLANG_WARN_STRICT_PROTOTYPES = YES;
				CLANG_WARN_SUSPICIOUS_MOVE = YES;
				CLANG_WARN_UNGUARDED_AVAILABILITY = YES_AGGRESSIVE;
				CLANG_WARN_UNREACHABLE_CODE = YES;
				CLANG_WARN__DUPLICATE_METHOD_MATCH = YES;
				COPY_PHASE_STRIP = NO;
				DEBUG_INFORMATION_FORMAT = "dwarf-with-dsym";
				ENABLE_NS_ASSERTIONS = NO;
				ENABLE_STRICT_OBJC_MSGSEND = YES;
				GCC_C_LANGUAGE_STANDARD = gnu11;
				GCC_NO_COMMON_BLOCKS = YES;
				GCC_WARN_64_TO_32_BIT_CONVERSION = YES;
				GCC_WARN_ABOUT_RETURN_TYPE = YES_ERROR;
				GCC_WARN_UNDECLARED_SELECTOR = YES;
				GCC_WARN_UNINITIALIZED_AUTOS = YES_AGGRESSIVE;
				GCC_WARN_UNUSED_FUNCTION = YES;
				GCC_WARN_UNUSED_VARIABLE = YES;
				IPHONEOS_DEPLOYMENT_TARGET = 16.2;
				MTL_ENABLE_DEBUG_INFO = NO;
				MTL_FAST_MATH = YES;
				SDKROOT = iphoneos;
				SWIFT_COMPILATION_MODE = wholemodule;
				SWIFT_OPTIMIZATION_LEVEL = "-O";
				VALIDATE_PRODUCT = YES;
			};
			name = Release;
		};
		D0BD52E02997B1A500153EE1 /* Debug */ = {
			isa = XCBuildConfiguration;
			buildSettings = {
				ASSETCATALOG_COMPILER_APPICON_NAME = AppIcon;
				ASSETCATALOG_COMPILER_GLOBAL_ACCENT_COLOR_NAME = AccentColor;
				CODE_SIGN_STYLE = Automatic;
				CURRENT_PROJECT_VERSION = 1;
				DEVELOPMENT_ASSET_PATHS = "\"Lecture12-Bindings-Sheet-Navigation-EditMode/Preview Content\"";
				DEVELOPMENT_TEAM = VD38UV2MEF;
				ENABLE_PREVIEWS = YES;
				GENERATE_INFOPLIST_FILE = YES;
				INFOPLIST_KEY_UIApplicationSceneManifest_Generation = YES;
				INFOPLIST_KEY_UIApplicationSupportsIndirectInputEvents = YES;
				INFOPLIST_KEY_UILaunchScreen_Generation = YES;
				INFOPLIST_KEY_UISupportedInterfaceOrientations_iPad = "UIInterfaceOrientationPortrait UIInterfaceOrientationPortraitUpsideDown UIInterfaceOrientationLandscapeLeft UIInterfaceOrientationLandscapeRight";
				INFOPLIST_KEY_UISupportedInterfaceOrientations_iPhone = "UIInterfaceOrientationPortrait UIInterfaceOrientationLandscapeLeft UIInterfaceOrientationLandscapeRight";
				LD_RUNPATH_SEARCH_PATHS = (
					"$(inherited)",
					"@executable_path/Frameworks",
				);
				MARKETING_VERSION = 1.0;
				PRODUCT_BUNDLE_IDENTIFIER = "com.mertarican.Lecture12-Bindings-Sheet-Navigation-EditMode";
				PRODUCT_NAME = "$(TARGET_NAME)";
				SWIFT_EMIT_LOC_STRINGS = YES;
				SWIFT_VERSION = 5.0;
				TARGETED_DEVICE_FAMILY = "1,2";
			};
			name = Debug;
		};
		D0BD52E12997B1A500153EE1 /* Release */ = {
			isa = XCBuildConfiguration;
			buildSettings = {
				ASSETCATALOG_COMPILER_APPICON_NAME = AppIcon;
				ASSETCATALOG_COMPILER_GLOBAL_ACCENT_COLOR_NAME = AccentColor;
				CODE_SIGN_STYLE = Automatic;
				CURRENT_PROJECT_VERSION = 1;
				DEVELOPMENT_ASSET_PATHS = "\"Lecture12-Bindings-Sheet-Navigation-EditMode/Preview Content\"";
				DEVELOPMENT_TEAM = VD38UV2MEF;
				ENABLE_PREVIEWS = YES;
				GENERATE_INFOPLIST_FILE = YES;
				INFOPLIST_KEY_UIApplicationSceneManifest_Generation = YES;
				INFOPLIST_KEY_UIApplicationSupportsIndirectInputEvents = YES;
				INFOPLIST_KEY_UILaunchScreen_Generation = YES;
				INFOPLIST_KEY_UISupportedInterfaceOrientations_iPad = "UIInterfaceOrientationPortrait UIInterfaceOrientationPortraitUpsideDown UIInterfaceOrientationLandscapeLeft UIInterfaceOrientationLandscapeRight";
				INFOPLIST_KEY_UISupportedInterfaceOrientations_iPhone = "UIInterfaceOrientationPortrait UIInterfaceOrientationLandscapeLeft UIInterfaceOrientationLandscapeRight";
				LD_RUNPATH_SEARCH_PATHS = (
					"$(inherited)",
					"@executable_path/Frameworks",
				);
				MARKETING_VERSION = 1.0;
				PRODUCT_BUNDLE_IDENTIFIER = "com.mertarican.Lecture12-Bindings-Sheet-Navigation-EditMode";
				PRODUCT_NAME = "$(TARGET_NAME)";
				SWIFT_EMIT_LOC_STRINGS = YES;
				SWIFT_VERSION = 5.0;
				TARGETED_DEVICE_FAMILY = "1,2";
			};
			name = Release;
		};
/* End XCBuildConfiguration section */

/* Begin XCConfigurationList section */
		D0BD52CC2997B1A300153EE1 /* Build configuration list for PBXProject "Lecture12-Bindings-Sheet-Navigation-EditMode" */ = {
			isa = XCConfigurationList;
			buildConfigurations = (
				D0BD52DD2997B1A500153EE1 /* Debug */,
				D0BD52DE2997B1A500153EE1 /* Release */,
			);
			defaultConfigurationIsVisible = 0;
			defaultConfigurationName = Release;
		};
		D0BD52DF2997B1A500153EE1 /* Build configuration list for PBXNativeTarget "Lecture12-Bindings-Sheet-Navigation-EditMode" */ = {
			isa = XCConfigurationList;
			buildConfigurations = (
				D0BD52E02997B1A500153EE1 /* Debug */,
				D0BD52E12997B1A500153EE1 /* Release */,
			);
			defaultConfigurationIsVisible = 0;
			defaultConfigurationName = Release;
		};
/* End XCConfigurationList section */
	};
	rootObject = D0BD52C92997B1A300153EE1 /* Project object */;
}
