// !$*UTF8*$!
{
	archiveVersion = 1;
	classes = {
	};
	objectVersion = 56;
	objects = {

/* Begin PBXBuildFile section */
		D0D80AB82994E5F700399842 /* Lecture7_ViewModifier_AnimationApp.swift in Sources */ = {isa = PBXBuildFile; fileRef = D0D80AB72994E5F700399842 /* Lecture7_ViewModifier_AnimationApp.swift */; };
		D0D80ABC2994E5F900399842 /* Assets.xcassets in Resources */ = {isa = PBXBuildFile; fileRef = D0D80ABB2994E5F900399842 /* Assets.xcassets */; };
		D0D80ABF2994E5F900399842 /* Preview Assets.xcassets in Resources */ = {isa = PBXBuildFile; fileRef = D0D80ABE2994E5F900399842 /* Preview Assets.xcassets */; };
		D0D80ACA2994E61500399842 /* AspectVGrid.swift in Sources */ = {isa = PBXBuildFile; fileRef = D0D80AC52994E61500399842 /* AspectVGrid.swift */; };
		D0D80ACB2994E61500399842 /* EmojiMemoryGame.swift in Sources */ = {isa = PBXBuildFile; fileRef = D0D80AC62994E61500399842 /* EmojiMemoryGame.swift */; };
		D0D80ACC2994E61500399842 /* EmojiMemoryGameView.swift in Sources */ = {isa = PBXBuildFile; fileRef = D0D80AC72994E61500399842 /* EmojiMemoryGameView.swift */; };
		D0D80ACD2994E61500399842 /* Pie.swift in Sources */ = {isa = PBXBuildFile; fileRef = D0D80AC82994E61500399842 /* Pie.swift */; };
		D0D80ACE2994E61500399842 /* MemoryGame.swift in Sources */ = {isa = PBXBuildFile; fileRef = D0D80AC92994E61500399842 /* MemoryGame.swift */; };
		D0D80AD22994E88E00399842 /* Cardify.swift in Sources */ = {isa = PBXBuildFile; fileRef = D0D80AD12994E88E00399842 /* Cardify.swift */; };
/* End PBXBuildFile section */

/* Begin PBXFileReference section */
		D0D80AB42994E5F700399842 /* Lecture7-ViewModifier-Animation.app */ = {isa = PBXFileReference; explicitFileType = wrapper.application; includeInIndex = 0; path = "Lecture7-ViewModifier-Animation.app"; sourceTree = BUILT_PRODUCTS_DIR; };
		D0D80AB72994E5F700399842 /* Lecture7_ViewModifier_AnimationApp.swift */ = {isa = PBXFileReference; lastKnownFileType = sourcecode.swift; path = Lecture7_ViewModifier_AnimationApp.swift; sourceTree = "<group>"; };
		D0D80ABB2994E5F900399842 /* Assets.xcassets */ = {isa = PBXFileReference; lastKnownFileType = folder.assetcatalog; path = Assets.xcassets; sourceTree = "<group>"; };
		D0D80ABE2994E5F900399842 /* Preview Assets.xcassets */ = {isa = PBXFileReference; lastKnownFileType = folder.assetcatalog; path = "Preview Assets.xcassets"; sourceTree = "<group>"; };
		D0D80AC52994E61500399842 /* AspectVGrid.swift */ = {isa = PBXFileReference; fileEncoding = 4; lastKnownFileType = sourcecode.swift; path = AspectVGrid.swift; sourceTree = "<group>"; };
		D0D80AC62994E61500399842 /* EmojiMemoryGame.swift */ = {isa = PBXFileReference; fileEncoding = 4; lastKnownFileType = sourcecode.swift; path = EmojiMemoryGame.swift; sourceTree = "<group>"; };
		D0D80AC72994E61500399842 /* EmojiMemoryGameView.swift */ = {isa = PBXFileReference; fileEncoding = 4; lastKnownFileType = sourcecode.swift; path = EmojiMemoryGameView.swift; sourceTree = "<group>"; };
		D0D80AC82994E61500399842 /* Pie.swift */ = {isa = PBXFileReference; fileEncoding = 4; lastKnownFileType = sourcecode.swift; path = Pie.swift; sourceTree = "<group>"; };
		D0D80AC92994E61500399842 /* MemoryGame.swift */ = {isa = PBXFileReference; fileEncoding = 4; lastKnownFileType = sourcecode.swift; path = MemoryGame.swift; sourceTree = "<group>"; };
		D0D80AD12994E88E00399842 /* Cardify.swift */ = {isa = PBXFileReference; lastKnownFileType = sourcecode.swift; path = Cardify.swift; sourceTree = "<group>"; };
/* End PBXFileReference section */

/* Begin PBXFrameworksBuildPhase section */
		D0D80AB12994E5F700399842 /* Frameworks */ = {
			isa = PBXFrameworksBuildPhase;
			buildActionMask = 2147483647;
			files = (
			);
			runOnlyForDeploymentPostprocessing = 0;
		};
/* End PBXFrameworksBuildPhase section */

/* Begin PBXGroup section */
		D0D80AAB2994E5F700399842 = {
			isa = PBXGroup;
			children = (
				D0D80AB62994E5F700399842 /* Lecture7-ViewModifier-Animation */,
				D0D80AB52994E5F700399842 /* Products */,
			);
			sourceTree = "<group>";
		};
		D0D80AB52994E5F700399842 /* Products */ = {
			isa = PBXGroup;
			children = (
				D0D80AB42994E5F700399842 /* Lecture7-ViewModifier-Animation.app */,
			);
			name = Products;
			sourceTree = "<group>";
		};
		D0D80AB62994E5F700399842 /* Lecture7-ViewModifier-Animation */ = {
			isa = PBXGroup;
			children = (
				D0D80AC52994E61500399842 /* AspectVGrid.swift */,
				D0D80AC62994E61500399842 /* EmojiMemoryGame.swift */,
				D0D80AC72994E61500399842 /* EmojiMemoryGameView.swift */,
				D0D80AD12994E88E00399842 /* Cardify.swift */,
				D0D80AC92994E61500399842 /* MemoryGame.swift */,
				D0D80AC82994E61500399842 /* Pie.swift */,
				D0D80AB72994E5F700399842 /* Lecture7_ViewModifier_AnimationApp.swift */,
				D0D80ABB2994E5F900399842 /* Assets.xcassets */,
				D0D80ABD2994E5F900399842 /* Preview Content */,
			);
			path = "Lecture7-ViewModifier-Animation";
			sourceTree = "<group>";
		};
		D0D80ABD2994E5F900399842 /* Preview Content */ = {
			isa = PBXGroup;
			children = (
				D0D80ABE2994E5F900399842 /* Preview Assets.xcassets */,
			);
			path = "Preview Content";
			sourceTree = "<group>";
		};
/* End PBXGroup section */

/* Begin PBXNativeTarget section */
		D0D80AB32994E5F700399842 /* Lecture7-ViewModifier-Animation */ = {
			isa = PBXNativeTarget;
			buildConfigurationList = D0D80AC22994E5F900399842 /* Build configuration list for PBXNativeTarget "Lecture7-ViewModifier-Animation" */;
			buildPhases = (
				D0D80AB02994E5F700399842 /* Sources */,
				D0D80AB12994E5F700399842 /* Frameworks */,
				D0D80AB22994E5F700399842 /* Resources */,
			);
			buildRules = (
			);
			dependencies = (
			);
			name = "Lecture7-ViewModifier-Animation";
			productName = "Lecture7-ViewModifier-Animation";
			productReference = D0D80AB42994E5F700399842 /* Lecture7-ViewModifier-Animation.app */;
			productType = "com.apple.product-type.application";
		};
/* End PBXNativeTarget section */

/* Begin PBXProject section */
		D0D80AAC2994E5F700399842 /* Project object */ = {
			isa = PBXProject;
			attributes = {
				BuildIndependentTargetsInParallel = 1;
				LastSwiftUpdateCheck = 1420;
				LastUpgradeCheck = 1420;
				TargetAttributes = {
					D0D80AB32994E5F700399842 = {
						CreatedOnToolsVersion = 14.2;
					};
				};
			};
			buildConfigurationList = D0D80AAF2994E5F700399842 /* Build configuration list for PBXProject "Lecture7-ViewModifier-Animation" */;
			compatibilityVersion = "Xcode 14.0";
			developmentRegion = en;
			hasScannedForEncodings = 0;
			knownRegions = (
				en,
				Base,
			);
			mainGroup = D0D80AAB2994E5F700399842;
			productRefGroup = D0D80AB52994E5F700399842 /* Products */;
			projectDirPath = "";
			projectRoot = "";
			targets = (
				D0D80AB32994E5F700399842 /* Lecture7-ViewModifier-Animation */,
			);
		};
/* End PBXProject section */

/* Begin PBXResourcesBuildPhase section */
		D0D80AB22994E5F700399842 /* Resources */ = {
			isa = PBXResourcesBuildPhase;
			buildActionMask = 2147483647;
			files = (
				D0D80ABF2994E5F900399842 /* Preview Assets.xcassets in Resources */,
				D0D80ABC2994E5F900399842 /* Assets.xcassets in Resources */,
			);
			runOnlyForDeploymentPostprocessing = 0;
		};
/* End PBXResourcesBuildPhase section */

/* Begin PBXSourcesBuildPhase section */
		D0D80AB02994E5F700399842 /* Sources */ = {
			isa = PBXSourcesBuildPhase;
			buildActionMask = 2147483647;
			files = (
				D0D80ACE2994E61500399842 /* MemoryGame.swift in Sources */,
				D0D80AD22994E88E00399842 /* Cardify.swift in Sources */,
				D0D80ACD2994E61500399842 /* Pie.swift in Sources */,
				D0D80ACA2994E61500399842 /* AspectVGrid.swift in Sources */,
				D0D80AB82994E5F700399842 /* Lecture7_ViewModifier_AnimationApp.swift in Sources */,
				D0D80ACC2994E61500399842 /* EmojiMemoryGameView.swift in Sources */,
				D0D80ACB2994E61500399842 /* EmojiMemoryGame.swift in Sources */,
			);
			runOnlyForDeploymentPostprocessing = 0;
		};
/* End PBXSourcesBuildPhase section */

/* Begin XCBuildConfiguration section */
		D0D80AC02994E5F900399842 /* Debug */ = {
			isa = XCBuildConfiguration;
			buildSettings = {
				ALWAYS_SEARCH_USER_PATHS = NO;
				CLANG_ANALYZER_NONNULL = YES;
				CLANG_ANALYZER_NUMBER_OBJECT_CONVERSION = YES_AGGRESSIVE;
				CLANG_CXX_LANGUAGE_STANDARD = "gnu++20";
				CLANG_ENABLE_MODULES = YES;
				CLANG_ENABLE_OBJC_ARC = YES;
				CLANG_ENABLE_OBJC_WEAK = YES;
				CLANG_WARN_BLOCK_CAPTURE_AUTORELEASING = YES;
				CLANG_WARN_BOOL_CONVERSION = YES;
				CLANG_WARN_COMMA = YES;
				CLANG_WARN_CONSTANT_CONVERSION = YES;
				CLANG_WARN_DEPRECATED_OBJC_IMPLEMENTATIONS = YES;
				CLANG_WARN_DIRECT_OBJC_ISA_USAGE = YES_ERROR;
				CLANG_WARN_DOCUMENTATION_COMMENTS = YES;
				CLANG_WARN_EMPTY_BODY = YES;
				CLANG_WARN_ENUM_CONVERSION = YES;
				CLANG_WARN_INFINITE_RECURSION = YES;
				CLANG_WARN_INT_CONVERSION = YES;
				CLANG_WARN_NON_LITERAL_NULL_CONVERSION = YES;
				CLANG_WARN_OBJC_IMPLICIT_RETAIN_SELF = YES;
				CLANG_WARN_OBJC_LITERAL_CONVERSION = YES;
				CLANG_WARN_OBJC_ROOT_CLASS = YES_ERROR;
				CLANG_WARN_QUOTED_INCLUDE_IN_FRAMEWORK_HEADER = YES;
				CLANG_WARN_RANGE_LOOP_ANALYSIS = YES;
				CLANG_WARN_STRICT_PROTOTYPES = YES;
				CLANG_WARN_SUSPICIOUS_MOVE = YES;
				CLANG_WARN_UNGUARDED_AVAILABILITY = YES_AGGRESSIVE;
				CLANG_WARN_UNREACHABLE_CODE = YES;
				CLANG_WARN__DUPLICATE_METHOD_MATCH = YES;
				COPY_PHASE_STRIP = NO;
				DEBUG_INFORMATION_FORMAT = dwarf;
				ENABLE_STRICT_OBJC_MSGSEND = YES;
				ENABLE_TESTABILITY = YES;
				GCC_C_LANGUAGE_STANDARD = gnu11;
				GCC_DYNAMIC_NO_PIC = NO;
				GCC_NO_COMMON_BLOCKS = YES;
				GCC_OPTIMIZATION_LEVEL = 0;
				GCC_PREPROCESSOR_DEFINITIONS = (
					"DEBUG=1",
					"$(inherited)",
				);
				GCC_WARN_64_TO_32_BIT_CONVERSION = YES;
				GCC_WARN_ABOUT_RETURN_TYPE = YES_ERROR;
				GCC_WARN_UNDECLARED_SELECTOR = YES;
				GCC_WARN_UNINITIALIZED_AUTOS = YES_AGGRESSIVE;
				GCC_WARN_UNUSED_FUNCTION = YES;
				GCC_WARN_UNUSED_VARIABLE = YES;
				IPHONEOS_DEPLOYMENT_TARGET = 16.2;
				MTL_ENABLE_DEBUG_INFO = INCLUDE_SOURCE;
				MTL_FAST_MATH = YES;
				ONLY_ACTIVE_ARCH = YES;
				SDKROOT = iphoneos;
				SWIFT_ACTIVE_COMPILATION_CONDITIONS = DEBUG;
				SWIFT_OPTIMIZATION_LEVEL = "-Onone";
			};
			name = Debug;
		};
		D0D80AC12994E5F900399842 /* Release */ = {
			isa = XCBuildConfiguration;
			buildSettings = {
				ALWAYS_SEARCH_USER_PATHS = NO;
				CLANG_ANALYZER_NONNULL = YES;
				CLANG_ANALYZER_NUMBER_OBJECT_CONVERSION = YES_AGGRESSIVE;
				CLANG_CXX_LANGUAGE_STANDARD = "gnu++20";
				CLANG_ENABLE_MODULES = YES;
				CLANG_ENABLE_OBJC_ARC = YES;
				CLANG_ENABLE_OBJC_WEAK = YES;
				CLANG_WARN_BLOCK_CAPTURE_AUTORELEASING = YES;
				CLANG_WARN_BOOL_CONVERSION = YES;
				CLANG_WARN_COMMA = YES;
				CLANG_WARN_CONSTANT_CONVERSION = YES;
				CLANG_WARN_DEPRECATED_OBJC_IMPLEMENTATIONS = YES;
				CLANG_WARN_DIRECT_OBJC_ISA_USAGE = YES_ERROR;
				CLANG_WARN_DOCUMENTATION_COMMENTS = YES;
				CLANG_WARN_EMPTY_BODY = YES;
				CLANG_WARN_ENUM_CONVERSION = YES;
				CLANG_WARN_INFINITE_RECURSION = YES;
				CLANG_WARN_INT_CONVERSION = YES;
				CLANG_WARN_NON_LITERAL_NULL_CONVERSION = YES;
				CLANG_WARN_OBJC_IMPLICIT_RETAIN_SELF = YES;
				CLANG_WARN_OBJC_LITERAL_CONVERSION = YES;
				CLANG_WARN_OBJC_ROOT_CLASS = YES_ERROR;
				CLANG_WARN_QUOTED_INCLUDE_IN_FRAMEWORK_HEADER = YES;
				CLANG_WARN_RANGE_LOOP_ANALYSIS = YES;
				CLANG_WARN_STRICT_PROTOTYPES = YES;
				CLANG_WARN_SUSPICIOUS_MOVE = YES;
				CLANG_WARN_UNGUARDED_AVAILABILITY = YES_AGGRESSIVE;
				CLANG_WARN_UNREACHABLE_CODE = YES;
				CLANG_WARN__DUPLICATE_METHOD_MATCH = YES;
				COPY_PHASE_STRIP = NO;
				DEBUG_INFORMATION_FORMAT = "dwarf-with-dsym";
				ENABLE_NS_ASSERTIONS = NO;
				ENABLE_STRICT_OBJC_MSGSEND = YES;
				GCC_C_LANGUAGE_STANDARD = gnu11;
				GCC_NO_COMMON_BLOCKS = YES;
				GCC_WARN_64_TO_32_BIT_CONVERSION = YES;
				GCC_WARN_ABOUT_RETURN_TYPE = YES_ERROR;
				GCC_WARN_UNDECLARED_SELECTOR = YES;
				GCC_WARN_UNINITIALIZED_AUTOS = YES_AGGRESSIVE;
				GCC_WARN_UNUSED_FUNCTION = YES;
				GCC_WARN_UNUSED_VARIABLE = YES;
				IPHONEOS_DEPLOYMENT_TARGET = 16.2;
				MTL_ENABLE_DEBUG_INFO = NO;
				MTL_FAST_MATH = YES;
				SDKROOT = iphoneos;
				SWIFT_COMPILATION_MODE = wholemodule;
				SWIFT_OPTIMIZATION_LEVEL = "-O";
				VALIDATE_PRODUCT = YES;
			};
			name = Release;
		};
		D0D80AC32994E5F900399842 /* Debug */ = {
			isa = XCBuildConfiguration;
			buildSettings = {
				ASSETCATALOG_COMPILER_APPICON_NAME = AppIcon;
				ASSETCATALOG_COMPILER_GLOBAL_ACCENT_COLOR_NAME = AccentColor;
				CODE_SIGN_STYLE = Automatic;
				CURRENT_PROJECT_VERSION = 1;
				DEVELOPMENT_ASSET_PATHS = "\"Lecture7-ViewModifier-Animation/Preview Content\"";
				DEVELOPMENT_TEAM = VD38UV2MEF;
				ENABLE_PREVIEWS = YES;
				GENERATE_INFOPLIST_FILE = YES;
				INFOPLIST_KEY_UIApplicationSceneManifest_Generation = YES;
				INFOPLIST_KEY_UIApplicationSupportsIndirectInputEvents = YES;
				INFOPLIST_KEY_UILaunchScreen_Generation = YES;
				INFOPLIST_KEY_UISupportedInterfaceOrientations_iPad = "UIInterfaceOrientationPortrait UIInterfaceOrientationPortraitUpsideDown UIInterfaceOrientationLandscapeLeft UIInterfaceOrientationLandscapeRight";
				INFOPLIST_KEY_UISupportedInterfaceOrientations_iPhone = "UIInterfaceOrientationPortrait UIInterfaceOrientationLandscapeLeft UIInterfaceOrientationLandscapeRight";
				LD_RUNPATH_SEARCH_PATHS = (
					"$(inherited)",
					"@executable_path/Frameworks",
				);
				MARKETING_VERSION = 1.0;
				PRODUCT_BUNDLE_IDENTIFIER = "com.mertarican.Lecture7-ViewModifier-Animation";
				PRODUCT_NAME = "$(TARGET_NAME)";
				SWIFT_EMIT_LOC_STRINGS = YES;
				SWIFT_VERSION = 5.0;
				TARGETED_DEVICE_FAMILY = "1,2";
			};
			name = Debug;
		};
		D0D80AC42994E5F900399842 /* Release */ = {
			isa = XCBuildConfiguration;
			buildSettings = {
				ASSETCATALOG_COMPILER_APPICON_NAME = AppIcon;
				ASSETCATALOG_COMPILER_GLOBAL_ACCENT_COLOR_NAME = AccentColor;
				CODE_SIGN_STYLE = Automatic;
				CURRENT_PROJECT_VERSION = 1;
				DEVELOPMENT_ASSET_PATHS = "\"Lecture7-ViewModifier-Animation/Preview Content\"";
				DEVELOPMENT_TEAM = VD38UV2MEF;
				ENABLE_PREVIEWS = YES;
				GENERATE_INFOPLIST_FILE = YES;
				INFOPLIST_KEY_UIApplicationSceneManifest_Generation = YES;
				INFOPLIST_KEY_UIApplicationSupportsIndirectInputEvents = YES;
				INFOPLIST_KEY_UILaunchScreen_Generation = YES;
				INFOPLIST_KEY_UISupportedInterfaceOrientations_iPad = "UIInterfaceOrientationPortrait UIInterfaceOrientationPortraitUpsideDown UIInterfaceOrientationLandscapeLeft UIInterfaceOrientationLandscapeRight";
				INFOPLIST_KEY_UISupportedInterfaceOrientations_iPhone = "UIInterfaceOrientationPortrait UIInterfaceOrientationLandscapeLeft UIInterfaceOrientationLandscapeRight";
				LD_RUNPATH_SEARCH_PATHS = (
					"$(inherited)",
					"@executable_path/Frameworks",
				);
				MARKETING_VERSION = 1.0;
				PRODUCT_BUNDLE_IDENTIFIER = "com.mertarican.Lecture7-ViewModifier-Animation";
				PRODUCT_NAME = "$(TARGET_NAME)";
				SWIFT_EMIT_LOC_STRINGS = YES;
				SWIFT_VERSION = 5.0;
				TARGETED_DEVICE_FAMILY = "1,2";
			};
			name = Release;
		};
/* End XCBuildConfiguration section */

/* Begin XCConfigurationList section */
		D0D80AAF2994E5F700399842 /* Build configuration list for PBXProject "Lecture7-ViewModifier-Animation" */ = {
			isa = XCConfigurationList;
			buildConfigurations = (
				D0D80AC02994E5F900399842 /* Debug */,
				D0D80AC12994E5F900399842 /* Release */,
			);
			defaultConfigurationIsVisible = 0;
			defaultConfigurationName = Release;
		};
		D0D80AC22994E5F900399842 /* Build configuration list for PBXNativeTarget "Lecture7-ViewModifier-Animation" */ = {
			isa = XCConfigurationList;
			buildConfigurations = (
				D0D80AC32994E5F900399842 /* Debug */,
				D0D80AC42994E5F900399842 /* Release */,
			);
			defaultConfigurationIsVisible = 0;
			defaultConfigurationName = Release;
		};
/* End XCConfigurationList section */
	};
	rootObject = D0D80AAC2994E5F700399842 /* Project object */;
}
